// !$*UTF8*$!
{
	archiveVersion = 1;
	classes = {
	};
	objectVersion = 46;
	objects = {

/* Begin PBXBuildFile section */
		5915A1B41B06476200528ED7 /* FLGSuggestionsViewController.m in Sources */ = {isa = PBXBuildFile; fileRef = 5915A1B31B06476200528ED7 /* FLGSuggestionsViewController.m */; };
		5915A1B81B064DAD00528ED7 /* FLGSuggestionsViewModel.m in Sources */ = {isa = PBXBuildFile; fileRef = 5915A1B71B064DAD00528ED7 /* FLGSuggestionsViewModel.m */; };
		59193E351B07583C006FCB2B /* FLGComicVineClient.m in Sources */ = {isa = PBXBuildFile; fileRef = 59193E341B07583C006FCB2B /* FLGComicVineClient.m */; };
		59193E381B078019006FCB2B /* FLGResponse.m in Sources */ = {isa = PBXBuildFile; fileRef = 59193E371B078019006FCB2B /* FLGResponse.m */; };
		59193E3B1B079092006FCB2B /* FLGVolume.m in Sources */ = {isa = PBXBuildFile; fileRef = 59193E3A1B079092006FCB2B /* FLGVolume.m */; };
		5926CC551B0898DF00573D59 /* FLGSearchViewModel.m in Sources */ = {isa = PBXBuildFile; fileRef = 5926CC541B0898DF00573D59 /* FLGSearchViewModel.m */; };
		5926CC581B08992200573D59 /* FLGSearchResultViewModel.m in Sources */ = {isa = PBXBuildFile; fileRef = 5926CC571B08992200573D59 /* FLGSearchResultViewModel.m */; };
		5926CC5C1B08A10D00573D59 /* FLGSearchResultCell.m in Sources */ = {isa = PBXBuildFile; fileRef = 5926CC5B1B08A10D00573D59 /* FLGSearchResultCell.m */; };
		5926CC601B08BFBB00573D59 /* Search.xcdatamodeld in Sources */ = {isa = PBXBuildFile; fileRef = 5926CC5E1B08BFBB00573D59 /* Search.xcdatamodeld */; };
		5926CC631B08C11100573D59 /* ManagedVolume.m in Sources */ = {isa = PBXBuildFile; fileRef = 5926CC621B08C11100573D59 /* ManagedVolume.m */; };
		59C5AC2C1B063FA300DEABB8 /* main.m in Sources */ = {isa = PBXBuildFile; fileRef = 59C5AC2B1B063FA300DEABB8 /* main.m */; };
		59C5AC2F1B063FA300DEABB8 /* AppDelegate.m in Sources */ = {isa = PBXBuildFile; fileRef = 59C5AC2E1B063FA300DEABB8 /* AppDelegate.m */; };
		59C5AC381B063FA300DEABB8 /* Main.storyboard in Resources */ = {isa = PBXBuildFile; fileRef = 59C5AC361B063FA300DEABB8 /* Main.storyboard */; };
		59C5AC3A1B063FA300DEABB8 /* Images.xcassets in Resources */ = {isa = PBXBuildFile; fileRef = 59C5AC391B063FA300DEABB8 /* Images.xcassets */; };
		59C5AC3D1B063FA300DEABB8 /* LaunchScreen.xib in Resources */ = {isa = PBXBuildFile; fileRef = 59C5AC3B1B063FA300DEABB8 /* LaunchScreen.xib */; };
		59C5AC491B063FA300DEABB8 /* ComicSearchTests.m in Sources */ = {isa = PBXBuildFile; fileRef = 59C5AC481B063FA300DEABB8 /* ComicSearchTests.m */; };
		59C5AC541B06417400DEABB8 /* FLGSearchViewController.m in Sources */ = {isa = PBXBuildFile; fileRef = 59C5AC531B06417400DEABB8 /* FLGSearchViewController.m */; };
		A55DDAC421CCE8FE26EC27F1 /* libPods-ComicSearch.a in Frameworks */ = {isa = PBXBuildFile; fileRef = 1697CAE833FBA525A79B041A /* libPods-ComicSearch.a */; };
/* End PBXBuildFile section */

/* Begin PBXContainerItemProxy section */
		59C5AC431B063FA300DEABB8 /* PBXContainerItemProxy */ = {
			isa = PBXContainerItemProxy;
			containerPortal = 59C5AC1E1B063FA300DEABB8 /* Project object */;
			proxyType = 1;
			remoteGlobalIDString = 59C5AC251B063FA300DEABB8;
			remoteInfo = ComicSearch;
		};
/* End PBXContainerItemProxy section */

/* Begin PBXFileReference section */
		1697CAE833FBA525A79B041A /* libPods-ComicSearch.a */ = {isa = PBXFileReference; explicitFileType = archive.ar; includeInIndex = 0; path = "libPods-ComicSearch.a"; sourceTree = BUILT_PRODUCTS_DIR; };
		5915A1B21B06476200528ED7 /* FLGSuggestionsViewController.h */ = {isa = PBXFileReference; fileEncoding = 4; lastKnownFileType = sourcecode.c.h; path = FLGSuggestionsViewController.h; sourceTree = "<group>"; };
		5915A1B31B06476200528ED7 /* FLGSuggestionsViewController.m */ = {isa = PBXFileReference; fileEncoding = 4; lastKnownFileType = sourcecode.c.objc; path = FLGSuggestionsViewController.m; sourceTree = "<group>"; };
		5915A1B61B064DAD00528ED7 /* FLGSuggestionsViewModel.h */ = {isa = PBXFileReference; fileEncoding = 4; lastKnownFileType = sourcecode.c.h; path = FLGSuggestionsViewModel.h; sourceTree = "<group>"; };
		5915A1B71B064DAD00528ED7 /* FLGSuggestionsViewModel.m */ = {isa = PBXFileReference; fileEncoding = 4; lastKnownFileType = sourcecode.c.objc; path = FLGSuggestionsViewModel.m; sourceTree = "<group>"; };
		59193E331B07583C006FCB2B /* FLGComicVineClient.h */ = {isa = PBXFileReference; fileEncoding = 4; lastKnownFileType = sourcecode.c.h; path = FLGComicVineClient.h; sourceTree = "<group>"; };
		59193E341B07583C006FCB2B /* FLGComicVineClient.m */ = {isa = PBXFileReference; fileEncoding = 4; lastKnownFileType = sourcecode.c.objc; path = FLGComicVineClient.m; sourceTree = "<group>"; };
		59193E361B078019006FCB2B /* FLGResponse.h */ = {isa = PBXFileReference; fileEncoding = 4; lastKnownFileType = sourcecode.c.h; path = FLGResponse.h; sourceTree = "<group>"; };
		59193E371B078019006FCB2B /* FLGResponse.m */ = {isa = PBXFileReference; fileEncoding = 4; lastKnownFileType = sourcecode.c.objc; path = FLGResponse.m; sourceTree = "<group>"; };
		59193E391B079092006FCB2B /* FLGVolume.h */ = {isa = PBXFileReference; fileEncoding = 4; lastKnownFileType = sourcecode.c.h; path = FLGVolume.h; sourceTree = "<group>"; };
		59193E3A1B079092006FCB2B /* FLGVolume.m */ = {isa = PBXFileReference; fileEncoding = 4; lastKnownFileType = sourcecode.c.objc; path = FLGVolume.m; sourceTree = "<group>"; };
		5926CC531B0898DF00573D59 /* FLGSearchViewModel.h */ = {isa = PBXFileReference; fileEncoding = 4; lastKnownFileType = sourcecode.c.h; path = FLGSearchViewModel.h; sourceTree = "<group>"; };
		5926CC541B0898DF00573D59 /* FLGSearchViewModel.m */ = {isa = PBXFileReference; fileEncoding = 4; lastKnownFileType = sourcecode.c.objc; path = FLGSearchViewModel.m; sourceTree = "<group>"; };
		5926CC561B08992200573D59 /* FLGSearchResultViewModel.h */ = {isa = PBXFileReference; fileEncoding = 4; lastKnownFileType = sourcecode.c.h; path = FLGSearchResultViewModel.h; sourceTree = "<group>"; };
		5926CC571B08992200573D59 /* FLGSearchResultViewModel.m */ = {isa = PBXFileReference; fileEncoding = 4; lastKnownFileType = sourcecode.c.objc; path = FLGSearchResultViewModel.m; sourceTree = "<group>"; };
		5926CC5A1B08A10D00573D59 /* FLGSearchResultCell.h */ = {isa = PBXFileReference; fileEncoding = 4; lastKnownFileType = sourcecode.c.h; path = FLGSearchResultCell.h; sourceTree = "<group>"; };
		5926CC5B1B08A10D00573D59 /* FLGSearchResultCell.m */ = {isa = PBXFileReference; fileEncoding = 4; lastKnownFileType = sourcecode.c.objc; path = FLGSearchResultCell.m; sourceTree = "<group>"; };
		5926CC5F1B08BFBB00573D59 /* Search.xcdatamodel */ = {isa = PBXFileReference; lastKnownFileType = wrapper.xcdatamodel; path = Search.xcdatamodel; sourceTree = "<group>"; };
		5926CC611B08C11100573D59 /* ManagedVolume.h */ = {isa = PBXFileReference; fileEncoding = 4; lastKnownFileType = sourcecode.c.h; path = ManagedVolume.h; sourceTree = "<group>"; };
		5926CC621B08C11100573D59 /* ManagedVolume.m */ = {isa = PBXFileReference; fileEncoding = 4; lastKnownFileType = sourcecode.c.objc; path = ManagedVolume.m; sourceTree = "<group>"; };
		59C5AC261B063FA300DEABB8 /* ComicSearch.app */ = {isa = PBXFileReference; explicitFileType = wrapper.application; includeInIndex = 0; path = ComicSearch.app; sourceTree = BUILT_PRODUCTS_DIR; };
		59C5AC2A1B063FA300DEABB8 /* Info.plist */ = {isa = PBXFileReference; lastKnownFileType = text.plist.xml; path = Info.plist; sourceTree = "<group>"; };
		59C5AC2B1B063FA300DEABB8 /* main.m */ = {isa = PBXFileReference; lastKnownFileType = sourcecode.c.objc; path = main.m; sourceTree = "<group>"; };
		59C5AC2D1B063FA300DEABB8 /* AppDelegate.h */ = {isa = PBXFileReference; lastKnownFileType = sourcecode.c.h; path = AppDelegate.h; sourceTree = "<group>"; };
		59C5AC2E1B063FA300DEABB8 /* AppDelegate.m */ = {isa = PBXFileReference; lastKnownFileType = sourcecode.c.objc; path = AppDelegate.m; sourceTree = "<group>"; };
		59C5AC371B063FA300DEABB8 /* Base */ = {isa = PBXFileReference; lastKnownFileType = file.storyboard; name = Base; path = Base.lproj/Main.storyboard; sourceTree = "<group>"; };
		59C5AC391B063FA300DEABB8 /* Images.xcassets */ = {isa = PBXFileReference; lastKnownFileType = folder.assetcatalog; path = Images.xcassets; sourceTree = "<group>"; };
		59C5AC3C1B063FA300DEABB8 /* Base */ = {isa = PBXFileReference; lastKnownFileType = file.xib; name = Base; path = Base.lproj/LaunchScreen.xib; sourceTree = "<group>"; };
		59C5AC421B063FA300DEABB8 /* ComicSearchTests.xctest */ = {isa = PBXFileReference; explicitFileType = wrapper.cfbundle; includeInIndex = 0; path = ComicSearchTests.xctest; sourceTree = BUILT_PRODUCTS_DIR; };
		59C5AC471B063FA300DEABB8 /* Info.plist */ = {isa = PBXFileReference; lastKnownFileType = text.plist.xml; path = Info.plist; sourceTree = "<group>"; };
		59C5AC481B063FA300DEABB8 /* ComicSearchTests.m */ = {isa = PBXFileReference; lastKnownFileType = sourcecode.c.objc; path = ComicSearchTests.m; sourceTree = "<group>"; };
		59C5AC521B06417400DEABB8 /* FLGSearchViewController.h */ = {isa = PBXFileReference; fileEncoding = 4; lastKnownFileType = sourcecode.c.h; path = FLGSearchViewController.h; sourceTree = "<group>"; };
		59C5AC531B06417400DEABB8 /* FLGSearchViewController.m */ = {isa = PBXFileReference; fileEncoding = 4; lastKnownFileType = sourcecode.c.objc; path = FLGSearchViewController.m; sourceTree = "<group>"; };
		8816740A12AE4A47D03EB77B /* Pods-ComicSearch.debug.xcconfig */ = {isa = PBXFileReference; includeInIndex = 1; lastKnownFileType = text.xcconfig; name = "Pods-ComicSearch.debug.xcconfig"; path = "Pods/Target Support Files/Pods-ComicSearch/Pods-ComicSearch.debug.xcconfig"; sourceTree = "<group>"; };
		D4CBAEBE0D6AF87B40649ABF /* Pods-ComicSearch.release.xcconfig */ = {isa = PBXFileReference; includeInIndex = 1; lastKnownFileType = text.xcconfig; name = "Pods-ComicSearch.release.xcconfig"; path = "Pods/Target Support Files/Pods-ComicSearch/Pods-ComicSearch.release.xcconfig"; sourceTree = "<group>"; };
/* End PBXFileReference section */

/* Begin PBXFrameworksBuildPhase section */
		59C5AC231B063FA300DEABB8 /* Frameworks */ = {
			isa = PBXFrameworksBuildPhase;
			buildActionMask = 2147483647;
			files = (
				A55DDAC421CCE8FE26EC27F1 /* libPods-ComicSearch.a in Frameworks */,
			);
			runOnlyForDeploymentPostprocessing = 0;
		};
		59C5AC3F1B063FA300DEABB8 /* Frameworks */ = {
			isa = PBXFrameworksBuildPhase;
			buildActionMask = 2147483647;
			files = (
			);
			runOnlyForDeploymentPostprocessing = 0;
		};
/* End PBXFrameworksBuildPhase section */

/* Begin PBXGroup section */
		07EF21E57241614A838E4482 /* Pods */ = {
			isa = PBXGroup;
			children = (
				8816740A12AE4A47D03EB77B /* Pods-ComicSearch.debug.xcconfig */,
				D4CBAEBE0D6AF87B40649ABF /* Pods-ComicSearch.release.xcconfig */,
			);
			name = Pods;
			sourceTree = "<group>";
		};
		5915A1B51B064D7D00528ED7 /* View Models */ = {
			isa = PBXGroup;
			children = (
				5915A1B61B064DAD00528ED7 /* FLGSuggestionsViewModel.h */,
				5915A1B71B064DAD00528ED7 /* FLGSuggestionsViewModel.m */,
				5926CC531B0898DF00573D59 /* FLGSearchViewModel.h */,
				5926CC541B0898DF00573D59 /* FLGSearchViewModel.m */,
				5926CC561B08992200573D59 /* FLGSearchResultViewModel.h */,
				5926CC571B08992200573D59 /* FLGSearchResultViewModel.m */,
			);
			name = "View Models";
			sourceTree = "<group>";
		};
		5926CC591B08A0DF00573D59 /* Views */ = {
			isa = PBXGroup;
			children = (
				5926CC5A1B08A10D00573D59 /* FLGSearchResultCell.h */,
				5926CC5B1B08A10D00573D59 /* FLGSearchResultCell.m */,
			);
			name = Views;
			sourceTree = "<group>";
		};
		5926CC5D1B08BF9100573D59 /* Models */ = {
			isa = PBXGroup;
			children = (
				59193E361B078019006FCB2B /* FLGResponse.h */,
				59193E371B078019006FCB2B /* FLGResponse.m */,
				59193E391B079092006FCB2B /* FLGVolume.h */,
				59193E3A1B079092006FCB2B /* FLGVolume.m */,
				59392E9D1B84ED9200AF7178 /* Core Data */,
			);
			name = Models;
			sourceTree = "<group>";
		};
		59392E9C1B84DCBE00AF7178 /* API Client */ = {
			isa = PBXGroup;
			children = (
				59193E331B07583C006FCB2B /* FLGComicVineClient.h */,
				59193E341B07583C006FCB2B /* FLGComicVineClient.m */,
			);
			name = "API Client";
			sourceTree = "<group>";
		};
		59392E9D1B84ED9200AF7178 /* Core Data */ = {
			isa = PBXGroup;
			children = (
				5926CC5E1B08BFBB00573D59 /* Search.xcdatamodeld */,
				5926CC611B08C11100573D59 /* ManagedVolume.h */,
				5926CC621B08C11100573D59 /* ManagedVolume.m */,
			);
			name = "Core Data";
			sourceTree = "<group>";
		};
		59C5AC1D1B063FA300DEABB8 = {
			isa = PBXGroup;
			children = (
				59C5AC281B063FA300DEABB8 /* ComicSearch */,
				59C5AC451B063FA300DEABB8 /* ComicSearchTests */,
				59C5AC271B063FA300DEABB8 /* Products */,
				07EF21E57241614A838E4482 /* Pods */,
				E714CAE8CFC66988E770DA88 /* Frameworks */,
			);
			sourceTree = "<group>";
		};
		59C5AC271B063FA300DEABB8 /* Products */ = {
			isa = PBXGroup;
			children = (
				59C5AC261B063FA300DEABB8 /* ComicSearch.app */,
				59C5AC421B063FA300DEABB8 /* ComicSearchTests.xctest */,
			);
			name = Products;
			sourceTree = "<group>";
		};
		59C5AC281B063FA300DEABB8 /* ComicSearch */ = {
			isa = PBXGroup;
			children = (
				59C5AC2D1B063FA300DEABB8 /* AppDelegate.h */,
				59C5AC2E1B063FA300DEABB8 /* AppDelegate.m */,
				59C5AC361B063FA300DEABB8 /* Main.storyboard */,
				5926CC5D1B08BF9100573D59 /* Models */,
				5915A1B51B064D7D00528ED7 /* View Models */,
				5926CC591B08A0DF00573D59 /* Views */,
				59392E9C1B84DCBE00AF7178 /* API Client */,
				59C5AC551B0641B000DEABB8 /* Controllers */,
				59C5AC391B063FA300DEABB8 /* Images.xcassets */,
				59C5AC3B1B063FA300DEABB8 /* LaunchScreen.xib */,
				59C5AC291B063FA300DEABB8 /* Supporting Files */,
			);
			path = ComicSearch;
			sourceTree = "<group>";
		};
		59C5AC291B063FA300DEABB8 /* Supporting Files */ = {
			isa = PBXGroup;
			children = (
				59C5AC2A1B063FA300DEABB8 /* Info.plist */,
				59C5AC2B1B063FA300DEABB8 /* main.m */,
			);
			name = "Supporting Files";
			sourceTree = "<group>";
		};
		59C5AC451B063FA300DEABB8 /* ComicSearchTests */ = {
			isa = PBXGroup;
			children = (
				59C5AC481B063FA300DEABB8 /* ComicSearchTests.m */,
				59C5AC461B063FA300DEABB8 /* Supporting Files */,
			);
			path = ComicSearchTests;
			sourceTree = "<group>";
		};
		59C5AC461B063FA300DEABB8 /* Supporting Files */ = {
			isa = PBXGroup;
			children = (
				59C5AC471B063FA300DEABB8 /* Info.plist */,
			);
			name = "Supporting Files";
			sourceTree = "<group>";
		};
		59C5AC551B0641B000DEABB8 /* Controllers */ = {
			isa = PBXGroup;
			children = (
				59C5AC521B06417400DEABB8 /* FLGSearchViewController.h */,
				59C5AC531B06417400DEABB8 /* FLGSearchViewController.m */,
				5915A1B21B06476200528ED7 /* FLGSuggestionsViewController.h */,
				5915A1B31B06476200528ED7 /* FLGSuggestionsViewController.m */,
			);
			name = Controllers;
			sourceTree = "<group>";
		};
		E714CAE8CFC66988E770DA88 /* Frameworks */ = {
			isa = PBXGroup;
			children = (
				1697CAE833FBA525A79B041A /* libPods-ComicSearch.a */,
			);
			name = Frameworks;
			sourceTree = "<group>";
		};
/* End PBXGroup section */

/* Begin PBXNativeTarget section */
		59C5AC251B063FA300DEABB8 /* ComicSearch */ = {
			isa = PBXNativeTarget;
			buildConfigurationList = 59C5AC4C1B063FA300DEABB8 /* Build configuration list for PBXNativeTarget "ComicSearch" */;
			buildPhases = (
				9FDC0E552E49EEAEA87ADE3C /* Check Pods Manifest.lock */,
				59C5AC221B063FA300DEABB8 /* Sources */,
				59C5AC231B063FA300DEABB8 /* Frameworks */,
				59C5AC241B063FA300DEABB8 /* Resources */,
				F6A8DBEC9C389FFA96BCB51D /* Copy Pods Resources */,
			);
			buildRules = (
			);
			dependencies = (
			);
			name = ComicSearch;
			productName = ComicSearch;
			productReference = 59C5AC261B063FA300DEABB8 /* ComicSearch.app */;
			productType = "com.apple.product-type.application";
		};
		59C5AC411B063FA300DEABB8 /* ComicSearchTests */ = {
			isa = PBXNativeTarget;
			buildConfigurationList = 59C5AC4F1B063FA300DEABB8 /* Build configuration list for PBXNativeTarget "ComicSearchTests" */;
			buildPhases = (
				59C5AC3E1B063FA300DEABB8 /* Sources */,
				59C5AC3F1B063FA300DEABB8 /* Frameworks */,
				59C5AC401B063FA300DEABB8 /* Resources */,
			);
			buildRules = (
			);
			dependencies = (
				59C5AC441B063FA300DEABB8 /* PBXTargetDependency */,
			);
			name = ComicSearchTests;
			productName = ComicSearchTests;
			productReference = 59C5AC421B063FA300DEABB8 /* ComicSearchTests.xctest */;
			productType = "com.apple.product-type.bundle.unit-test";
		};
/* End PBXNativeTarget section */

/* Begin PBXProject section */
		59C5AC1E1B063FA300DEABB8 /* Project object */ = {
			isa = PBXProject;
			attributes = {
				LastUpgradeCheck = 0630;
				ORGANIZATIONNAME = FillinGAPPs;
				TargetAttributes = {
					59C5AC251B063FA300DEABB8 = {
						CreatedOnToolsVersion = 6.3.1;
					};
					59C5AC411B063FA300DEABB8 = {
						CreatedOnToolsVersion = 6.3.1;
						TestTargetID = 59C5AC251B063FA300DEABB8;
					};
				};
			};
			buildConfigurationList = 59C5AC211B063FA300DEABB8 /* Build configuration list for PBXProject "ComicSearch" */;
			compatibilityVersion = "Xcode 3.2";
			developmentRegion = English;
			hasScannedForEncodings = 0;
			knownRegions = (
				en,
				Base,
			);
			mainGroup = 59C5AC1D1B063FA300DEABB8;
			productRefGroup = 59C5AC271B063FA300DEABB8 /* Products */;
			projectDirPath = "";
			projectRoot = "";
			targets = (
				59C5AC251B063FA300DEABB8 /* ComicSearch */,
				59C5AC411B063FA300DEABB8 /* ComicSearchTests */,
			);
		};
/* End PBXProject section */

/* Begin PBXResourcesBuildPhase section */
		59C5AC241B063FA300DEABB8 /* Resources */ = {
			isa = PBXResourcesBuildPhase;
			buildActionMask = 2147483647;
			files = (
				59C5AC381B063FA300DEABB8 /* Main.storyboard in Resources */,
				59C5AC3D1B063FA300DEABB8 /* LaunchScreen.xib in Resources */,
				59C5AC3A1B063FA300DEABB8 /* Images.xcassets in Resources */,
			);
			runOnlyForDeploymentPostprocessing = 0;
		};
		59C5AC401B063FA300DEABB8 /* Resources */ = {
			isa = PBXResourcesBuildPhase;
			buildActionMask = 2147483647;
			files = (
			);
			runOnlyForDeploymentPostprocessing = 0;
		};
/* End PBXResourcesBuildPhase section */

/* Begin PBXShellScriptBuildPhase section */
		9FDC0E552E49EEAEA87ADE3C /* Check Pods Manifest.lock */ = {
			isa = PBXShellScriptBuildPhase;
			buildActionMask = 2147483647;
			files = (
			);
			inputPaths = (
			);
			name = "Check Pods Manifest.lock";
			outputPaths = (
			);
			runOnlyForDeploymentPostprocessing = 0;
			shellPath = /bin/sh;
			shellScript = "diff \"${PODS_ROOT}/../Podfile.lock\" \"${PODS_ROOT}/Manifest.lock\" > /dev/null\nif [[ $? != 0 ]] ; then\n    cat << EOM\nerror: The sandbox is not in sync with the Podfile.lock. Run 'pod install' or update your CocoaPods installation.\nEOM\n    exit 1\nfi\n";
			showEnvVarsInLog = 0;
		};
		F6A8DBEC9C389FFA96BCB51D /* Copy Pods Resources */ = {
			isa = PBXShellScriptBuildPhase;
			buildActionMask = 2147483647;
			files = (
			);
			inputPaths = (
			);
			name = "Copy Pods Resources";
			outputPaths = (
			);
			runOnlyForDeploymentPostprocessing = 0;
			shellPath = /bin/sh;
			shellScript = "\"${SRCROOT}/Pods/Target Support Files/Pods-ComicSearch/Pods-ComicSearch-resources.sh\"\n";
			showEnvVarsInLog = 0;
		};
/* End PBXShellScriptBuildPhase section */

/* Begin PBXSourcesBuildPhase section */
		59C5AC221B063FA300DEABB8 /* Sources */ = {
			isa = PBXSourcesBuildPhase;
			buildActionMask = 2147483647;
			files = (
				59193E351B07583C006FCB2B /* FLGComicVineClient.m in Sources */,
				5926CC581B08992200573D59 /* FLGSearchResultViewModel.m in Sources */,
				5915A1B41B06476200528ED7 /* FLGSuggestionsViewController.m in Sources */,
				5926CC631B08C11100573D59 /* ManagedVolume.m in Sources */,
				59193E381B078019006FCB2B /* FLGResponse.m in Sources */,
				59C5AC2F1B063FA300DEABB8 /* AppDelegate.m in Sources */,
				5915A1B81B064DAD00528ED7 /* FLGSuggestionsViewModel.m in Sources */,
				5926CC551B0898DF00573D59 /* FLGSearchViewModel.m in Sources */,
				59C5AC2C1B063FA300DEABB8 /* main.m in Sources */,
				59C5AC541B06417400DEABB8 /* FLGSearchViewController.m in Sources */,
				5926CC601B08BFBB00573D59 /* Search.xcdatamodeld in Sources */,
				5926CC5C1B08A10D00573D59 /* FLGSearchResultCell.m in Sources */,
				59193E3B1B079092006FCB2B /* FLGVolume.m in Sources */,
			);
			runOnlyForDeploymentPostprocessing = 0;
		};
		59C5AC3E1B063FA300DEABB8 /* Sources */ = {
			isa = PBXSourcesBuildPhase;
			buildActionMask = 2147483647;
			files = (
				59C5AC491B063FA300DEABB8 /* ComicSearchTests.m in Sources */,
			);
			runOnlyForDeploymentPostprocessing = 0;
		};
/* End PBXSourcesBuildPhase section */

/* Begin PBXTargetDependency section */
		59C5AC441B063FA300DEABB8 /* PBXTargetDependency */ = {
			isa = PBXTargetDependency;
			target = 59C5AC251B063FA300DEABB8 /* ComicSearch */;
			targetProxy = 59C5AC431B063FA300DEABB8 /* PBXContainerItemProxy */;
		};
/* End PBXTargetDependency section */

/* Begin PBXVariantGroup section */
		59C5AC361B063FA300DEABB8 /* Main.storyboard */ = {
			isa = PBXVariantGroup;
			children = (
				59C5AC371B063FA300DEABB8 /* Base */,
			);
			name = Main.storyboard;
			sourceTree = "<group>";
		};
		59C5AC3B1B063FA300DEABB8 /* LaunchScreen.xib */ = {
			isa = PBXVariantGroup;
			children = (
				59C5AC3C1B063FA300DEABB8 /* Base */,
			);
			name = LaunchScreen.xib;
			sourceTree = "<group>";
		};
/* End PBXVariantGroup section */

/* Begin XCBuildConfiguration section */
		59C5AC4A1B063FA300DEABB8 /* Debug */ = {
			isa = XCBuildConfiguration;
			buildSettings = {
				ALWAYS_SEARCH_USER_PATHS = NO;
				CLANG_CXX_LANGUAGE_STANDARD = "gnu++0x";
				CLANG_CXX_LIBRARY = "libc++";
				CLANG_ENABLE_MODULES = YES;
				CLANG_ENABLE_OBJC_ARC = YES;
				CLANG_WARN_BOOL_CONVERSION = YES;
				CLANG_WARN_CONSTANT_CONVERSION = YES;
				CLANG_WARN_DIRECT_OBJC_ISA_USAGE = YES_ERROR;
				CLANG_WARN_EMPTY_BODY = YES;
				CLANG_WARN_ENUM_CONVERSION = YES;
				CLANG_WARN_INT_CONVERSION = YES;
				CLANG_WARN_OBJC_ROOT_CLASS = YES_ERROR;
				CLANG_WARN_UNREACHABLE_CODE = YES;
				CLANG_WARN__DUPLICATE_METHOD_MATCH = YES;
				"CODE_SIGN_IDENTITY[sdk=iphoneos*]" = "iPhone Developer";
				COPY_PHASE_STRIP = NO;
				DEBUG_INFORMATION_FORMAT = "dwarf-with-dsym";
				ENABLE_STRICT_OBJC_MSGSEND = YES;
				GCC_C_LANGUAGE_STANDARD = gnu99;
				GCC_DYNAMIC_NO_PIC = NO;
				GCC_NO_COMMON_BLOCKS = YES;
				GCC_OPTIMIZATION_LEVEL = 0;
				GCC_PREPROCESSOR_DEFINITIONS = (
					"DEBUG=1",
					"$(inherited)",
				);
				GCC_SYMBOLS_PRIVATE_EXTERN = NO;
				GCC_WARN_64_TO_32_BIT_CONVERSION = YES;
				GCC_WARN_ABOUT_RETURN_TYPE = YES_ERROR;
				GCC_WARN_UNDECLARED_SELECTOR = YES;
				GCC_WARN_UNINITIALIZED_AUTOS = YES_AGGRESSIVE;
				GCC_WARN_UNUSED_FUNCTION = YES;
				GCC_WARN_UNUSED_VARIABLE = YES;
				IPHONEOS_DEPLOYMENT_TARGET = 8.3;
				MTL_ENABLE_DEBUG_INFO = YES;
				ONLY_ACTIVE_ARCH = YES;
				SDKROOT = iphoneos;
			};
			name = Debug;
		};
		59C5AC4B1B063FA300DEABB8 /* Release */ = {
			isa = XCBuildConfiguration;
			buildSettings = {
				ALWAYS_SEARCH_USER_PATHS = NO;
				CLANG_CXX_LANGUAGE_STANDARD = "gnu++0x";
				CLANG_CXX_LIBRARY = "libc++";
				CLANG_ENABLE_MODULES = YES;
				CLANG_ENABLE_OBJC_ARC = YES;
				CLANG_WARN_BOOL_CONVERSION = YES;
				CLANG_WARN_CONSTANT_CONVERSION = YES;
				CLANG_WARN_DIRECT_OBJC_ISA_USAGE = YES_ERROR;
				CLANG_WARN_EMPTY_BODY = YES;
				CLANG_WARN_ENUM_CONVERSION = YES;
				CLANG_WARN_INT_CONVERSION = YES;
				CLANG_WARN_OBJC_ROOT_CLASS = YES_ERROR;
				CLANG_WARN_UNREACHABLE_CODE = YES;
				CLANG_WARN__DUPLICATE_METHOD_MATCH = YES;
				"CODE_SIGN_IDENTITY[sdk=iphoneos*]" = "iPhone Developer";
				COPY_PHASE_STRIP = NO;
				DEBUG_INFORMATION_FORMAT = "dwarf-with-dsym";
				ENABLE_NS_ASSERTIONS = NO;
				ENABLE_STRICT_OBJC_MSGSEND = YES;
				GCC_C_LANGUAGE_STANDARD = gnu99;
				GCC_NO_COMMON_BLOCKS = YES;
				GCC_WARN_64_TO_32_BIT_CONVERSION = YES;
				GCC_WARN_ABOUT_RETURN_TYPE = YES_ERROR;
				GCC_WARN_UNDECLARED_SELECTOR = YES;
				GCC_WARN_UNINITIALIZED_AUTOS = YES_AGGRESSIVE;
				GCC_WARN_UNUSED_FUNCTION = YES;
				GCC_WARN_UNUSED_VARIABLE = YES;
				IPHONEOS_DEPLOYMENT_TARGET = 8.3;
				MTL_ENABLE_DEBUG_INFO = NO;
				SDKROOT = iphoneos;
				VALIDATE_PRODUCT = YES;
			};
			name = Release;
		};
		59C5AC4D1B063FA300DEABB8 /* Debug */ = {
			isa = XCBuildConfiguration;
			baseConfigurationReference = 8816740A12AE4A47D03EB77B /* Pods-ComicSearch.debug.xcconfig */;
			buildSettings = {
				ASSETCATALOG_COMPILER_APPICON_NAME = AppIcon;
				INFOPLIST_FILE = ComicSearch/Info.plist;
				IPHONEOS_DEPLOYMENT_TARGET = 8.3;
				LD_RUNPATH_SEARCH_PATHS = "$(inherited) @executable_path/Frameworks";
				PRODUCT_NAME = "$(TARGET_NAME)";
			};
			name = Debug;
		};
		59C5AC4E1B063FA300DEABB8 /* Release */ = {
			isa = XCBuildConfiguration;
			baseConfigurationReference = D4CBAEBE0D6AF87B40649ABF /* Pods-ComicSearch.release.xcconfig */;
			buildSettings = {
				ASSETCATALOG_COMPILER_APPICON_NAME = AppIcon;
				INFOPLIST_FILE = ComicSearch/Info.plist;
				IPHONEOS_DEPLOYMENT_TARGET = 8.3;
				LD_RUNPATH_SEARCH_PATHS = "$(inherited) @executable_path/Frameworks";
				PRODUCT_NAME = "$(TARGET_NAME)";
			};
			name = Release;
		};
		59C5AC501B063FA300DEABB8 /* Debug */ = {
			isa = XCBuildConfiguration;
			buildSettings = {
				BUNDLE_LOADER = "$(TEST_HOST)";
				FRAMEWORK_SEARCH_PATHS = (
					"$(SDKROOT)/Developer/Library/Frameworks",
					"$(inherited)",
				);
				GCC_PREPROCESSOR_DEFINITIONS = (
					"DEBUG=1",
					"$(inherited)",
				);
				INFOPLIST_FILE = ComicSearchTests/Info.plist;
				LD_RUNPATH_SEARCH_PATHS = "$(inherited) @executable_path/Frameworks @loader_path/Frameworks";
				PRODUCT_NAME = "$(TARGET_NAME)";
				TEST_HOST = "$(BUILT_PRODUCTS_DIR)/ComicSearch.app/ComicSearch";
			};
			name = Debug;
		};
		59C5AC511B063FA300DEABB8 /* Release */ = {
			isa = XCBuildConfiguration;
			buildSettings = {
				BUNDLE_LOADER = "$(TEST_HOST)";
				FRAMEWORK_SEARCH_PATHS = (
					"$(SDKROOT)/Developer/Library/Frameworks",
					"$(inherited)",
				);
				INFOPLIST_FILE = ComicSearchTests/Info.plist;
				LD_RUNPATH_SEARCH_PATHS = "$(inherited) @executable_path/Frameworks @loader_path/Frameworks";
				PRODUCT_NAME = "$(TARGET_NAME)";
				TEST_HOST = "$(BUILT_PRODUCTS_DIR)/ComicSearch.app/ComicSearch";
			};
			name = Release;
		};
/* End XCBuildConfiguration section */

/* Begin XCConfigurationList section */
		59C5AC211B063FA300DEABB8 /* Build configuration list for PBXProject "ComicSearch" */ = {
			isa = XCConfigurationList;
			buildConfigurations = (
				59C5AC4A1B063FA300DEABB8 /* Debug */,
				59C5AC4B1B063FA300DEABB8 /* Release */,
			);
			defaultConfigurationIsVisible = 0;
			defaultConfigurationName = Release;
		};
		59C5AC4C1B063FA300DEABB8 /* Build configuration list for PBXNativeTarget "ComicSearch" */ = {
			isa = XCConfigurationList;
			buildConfigurations = (
				59C5AC4D1B063FA300DEABB8 /* Debug */,
				59C5AC4E1B063FA300DEABB8 /* Release */,
			);
			defaultConfigurationIsVisible = 0;
			defaultConfigurationName = Release;
		};
		59C5AC4F1B063FA300DEABB8 /* Build configuration list for PBXNativeTarget "ComicSearchTests" */ = {
			isa = XCConfigurationList;
			buildConfigurations = (
				59C5AC501B063FA300DEABB8 /* Debug */,
				59C5AC511B063FA300DEABB8 /* Release */,
			);
			defaultConfigurationIsVisible = 0;
			defaultConfigurationName = Release;
		};
/* End XCConfigurationList section */

/* Begin XCVersionGroup section */
		5926CC5E1B08BFBB00573D59 /* Search.xcdatamodeld */ = {
			isa = XCVersionGroup;
			children = (
				5926CC5F1B08BFBB00573D59 /* Search.xcdatamodel */,
			);
			currentVersion = 5926CC5F1B08BFBB00573D59 /* Search.xcdatamodel */;
			path = Search.xcdatamodeld;
			sourceTree = "<group>";
			versionGroupType = wrapper.xcdatamodel;
		};
/* End XCVersionGroup section */
	};
	rootObject = 59C5AC1E1B063FA300DEABB8 /* Project object */;
}
